
Microsoft Visual Studio Solution File, Format Version 12.00
# Visual Studio Version 16
VisualStudioVersion = 16.0.30523.141
MinimumVisualStudioVersion = 10.0.40219.1
Project("{FAE04EC0-301F-11D3-BF4B-00C04F79EFBC}") = "Pets", "Pets.csproj", "{47CE652B-47E7-474D-BBB1-536A49EA0BFC}"
EndProject
Global
	GlobalSection(SolutionConfigurationPlatforms) = preSolution
		Debug|Any CPU = Debug|Any CPU
		Release|Any CPU = Release|Any CPU
	EndGlobalSection
	GlobalSection(ProjectConfigurationPlatforms) = postSolution
		{47CE652B-47E7-474D-BBB1-536A49EA0BFC}.Debug|Any CPU.ActiveCfg = Debug|Any CPU
		{47CE652B-47E7-474D-BBB1-536A49EA0BFC}.Debug|Any CPU.Build.0 = Debug|Any CPU
		{47CE652B-47E7-474D-BBB1-536A49EA0BFC}.Release|Any CPU.ActiveCfg = Release|Any CPU
		{47CE652B-47E7-474D-BBB1-536A49EA0BFC}.Release|Any CPU.Build.0 = Release|Any CPU
	EndGlobalSection
	GlobalSection(SolutionProperties) = preSolution
		HideSolutionNode = FALSE
	EndGlobalSection
	GlobalSection(ExtensibilityGlobals) = postSolution
		SolutionGuid = {C2F6B111-8020-483B-AC6D-E54DA1C87DB9}
	EndGlobalSection
EndGlobal
